
Microsoft Visual Studio Solution File, Format Version 12.00
# Visual Studio 15
VisualStudioVersion = 15.0.28307.572
MinimumVisualStudioVersion = 10.0.40219.1
Project("{8BC9CEB8-8B4A-11D0-8D11-00A0C91BC942}") = "Lab2", "Lab2\Lab2.vcxproj", "{DF3C3B49-6AE2-4AFA-B1E6-30761520E761}"
EndProject
Global
	GlobalSection(SolutionConfigurationPlatforms) = preSolution
		Debug|x64 = Debug|x64
		Debug|x86 = Debug|x86
		Release|x64 = Release|x64
		Release|x86 = Release|x86
	EndGlobalSection
	GlobalSection(ProjectConfigurationPlatforms) = postSolution
		{DF3C3B49-6AE2-4AFA-B1E6-30761520E761}.Debug|x64.ActiveCfg = Debug|x64
		{DF3C3B49-6AE2-4AFA-B1E6-30761520E761}.Debug|x64.Build.0 = Debug|x64
		{DF3C3B49-6AE2-4AFA-B1E6-30761520E761}.Debug|x86.ActiveCfg = Debug|Win32
		{DF3C3B49-6AE2-4AFA-B1E6-30761520E761}.Debug|x86.Build.0 = Debug|Win32
		{DF3C3B49-6AE2-4AFA-B1E6-30761520E761}.Release|x64.ActiveCfg = Release|x64
		{DF3C3B49-6AE2-4AFA-B1E6-30761520E761}.Release|x64.Build.0 = Release|x64
		{DF3C3B49-6AE2-4AFA-B1E6-30761520E761}.Release|x86.ActiveCfg = Release|Win32
		{DF3C3B49-6AE2-4AFA-B1E6-30761520E761}.Release|x86.Build.0 = Release|Win32
	EndGlobalSection
	GlobalSection(SolutionProperties) = preSolution
		HideSolutionNode = FALSE
	EndGlobalSection
	GlobalSection(ExtensibilityGlobals) = postSolution
		SolutionGuid = {9C70664E-115D-4953-9A74-31CD7E096395}
	EndGlobalSection
EndGlobal
