
Microsoft Visual Studio Solution File, Format Version 12.00
# Visual Studio 15
VisualStudioVersion = 15.0.28307.572
MinimumVisualStudioVersion = 10.0.40219.1
Project("{8BC9CEB8-8B4A-11D0-8D11-00A0C91BC942}") = "Project1", "Project1\Project1.vcxproj", "{B556F7C4-30F3-4314-99D5-C36911A6FBDE}"
EndProject
Global
	GlobalSection(SolutionConfigurationPlatforms) = preSolution
		Debug|x64 = Debug|x64
		Debug|x86 = Debug|x86
		Release|x64 = Release|x64
		Release|x86 = Release|x86
	EndGlobalSection
	GlobalSection(ProjectConfigurationPlatforms) = postSolution
		{B556F7C4-30F3-4314-99D5-C36911A6FBDE}.Debug|x64.ActiveCfg = Debug|x64
		{B556F7C4-30F3-4314-99D5-C36911A6FBDE}.Debug|x64.Build.0 = Debug|x64
		{B556F7C4-30F3-4314-99D5-C36911A6FBDE}.Debug|x86.ActiveCfg = Debug|Win32
		{B556F7C4-30F3-4314-99D5-C36911A6FBDE}.Debug|x86.Build.0 = Debug|Win32
		{B556F7C4-30F3-4314-99D5-C36911A6FBDE}.Release|x64.ActiveCfg = Release|x64
		{B556F7C4-30F3-4314-99D5-C36911A6FBDE}.Release|x64.Build.0 = Release|x64
		{B556F7C4-30F3-4314-99D5-C36911A6FBDE}.Release|x86.ActiveCfg = Release|Win32
		{B556F7C4-30F3-4314-99D5-C36911A6FBDE}.Release|x86.Build.0 = Release|Win32
	EndGlobalSection
	GlobalSection(SolutionProperties) = preSolution
		HideSolutionNode = FALSE
	EndGlobalSection
	GlobalSection(ExtensibilityGlobals) = postSolution
		SolutionGuid = {CA320A18-3D2A-4806-8DC7-04FE6517892B}
	EndGlobalSection
EndGlobal
